
Microsoft Visual Studio Solution File, Format Version 12.00
# Visual Studio Version 16
VisualStudioVersion = 16.0.31624.102
MinimumVisualStudioVersion = 10.0.40219.1
Project("{FAE04EC0-301F-11D3-BF4B-00C04F79EFBC}") = "DVDLibrary", "DVDLibrary\DVDLibrary.csproj", "{B80F6A72-0512-4944-B61B-5C31E65C4FE8}"
EndProject
Global
	GlobalSection(SolutionConfigurationPlatforms) = preSolution
		Debug|Any CPU = Debug|Any CPU
		Release|Any CPU = Release|Any CPU
	EndGlobalSection
	GlobalSection(ProjectConfigurationPlatforms) = postSolution
		{B80F6A72-0512-4944-B61B-5C31E65C4FE8}.Debug|Any CPU.ActiveCfg = Debug|Any CPU
		{B80F6A72-0512-4944-B61B-5C31E65C4FE8}.Debug|Any CPU.Build.0 = Debug|Any CPU
		{B80F6A72-0512-4944-B61B-5C31E65C4FE8}.Release|Any CPU.ActiveCfg = Release|Any CPU
		{B80F6A72-0512-4944-B61B-5C31E65C4FE8}.Release|Any CPU.Build.0 = Release|Any CPU
	EndGlobalSection
	GlobalSection(SolutionProperties) = preSolution
		HideSolutionNode = FALSE
	EndGlobalSection
	GlobalSection(ExtensibilityGlobals) = postSolution
		SolutionGuid = {D116745C-AF68-4499-9B4B-B93AD3EAFDEB}
	EndGlobalSection
EndGlobal
